{
  "lockfileVersion": 1,
  "configVersion": 1,
  "workspaces": {
    "": {
      "name": "goodvibes-sdk",
      "dependencies": {
        "@pellux/goodvibes-contracts": "workspace:*",
        "@pellux/goodvibes-daemon-sdk": "workspace:*",
        "@pellux/goodvibes-operator-sdk": "workspace:*",
        "@pellux/goodvibes-peer-sdk": "workspace:*",
        "@pellux/goodvibes-sdk": "workspace:*",
        "@pellux/goodvibes-transport-core": "workspace:*",
        "@pellux/goodvibes-transport-direct": "workspace:*",
        "@pellux/goodvibes-transport-http": "workspace:*",
        "@pellux/goodvibes-transport-realtime": "workspace:*",
      },
      "devDependencies": {
        "@types/node": "^24.3.0",
        "typescript": "^5.9.3",
      },
    },
    "packages/contracts": {
      "name": "@pellux/goodvibes-contracts",
      "version": "0.18.2",
    },
    "packages/daemon-sdk": {
      "name": "@pellux/goodvibes-daemon-sdk",
      "version": "0.18.2",
      "dependencies": {
        "@pellux/goodvibes-contracts": "workspace:*",
        "@pellux/goodvibes-errors": "workspace:*",
      },
    },
    "packages/errors": {
      "name": "@pellux/goodvibes-errors",
      "version": "0.18.2",
    },
    "packages/operator-sdk": {
      "name": "@pellux/goodvibes-operator-sdk",
      "version": "0.18.2",
      "dependencies": {
        "@pellux/goodvibes-contracts": "workspace:*",
        "@pellux/goodvibes-errors": "workspace:*",
        "@pellux/goodvibes-transport-http": "workspace:*",
      },
    },
    "packages/peer-sdk": {
      "name": "@pellux/goodvibes-peer-sdk",
      "version": "0.18.2",
      "dependencies": {
        "@pellux/goodvibes-contracts": "workspace:*",
        "@pellux/goodvibes-errors": "workspace:*",
        "@pellux/goodvibes-transport-http": "workspace:*",
      },
    },
    "packages/sdk": {
      "name": "@pellux/goodvibes-sdk",
      "version": "0.18.2",
      "dependencies": {
        "@pellux/goodvibes-contracts": "workspace:*",
        "@pellux/goodvibes-daemon-sdk": "workspace:*",
        "@pellux/goodvibes-errors": "workspace:*",
        "@pellux/goodvibes-operator-sdk": "workspace:*",
        "@pellux/goodvibes-peer-sdk": "workspace:*",
        "@pellux/goodvibes-transport-core": "workspace:*",
        "@pellux/goodvibes-transport-direct": "workspace:*",
        "@pellux/goodvibes-transport-http": "workspace:*",
        "@pellux/goodvibes-transport-realtime": "workspace:*",
      },
    },
    "packages/transport-core": {
      "name": "@pellux/goodvibes-transport-core",
      "version": "0.18.2",
    },
    "packages/transport-direct": {
      "name": "@pellux/goodvibes-transport-direct",
      "version": "0.18.2",
      "dependencies": {
        "@pellux/goodvibes-transport-core": "workspace:*",
      },
    },
    "packages/transport-http": {
      "name": "@pellux/goodvibes-transport-http",
      "version": "0.18.2",
      "dependencies": {
        "@pellux/goodvibes-errors": "workspace:*",
      },
    },
    "packages/transport-realtime": {
      "name": "@pellux/goodvibes-transport-realtime",
      "version": "0.18.2",
      "dependencies": {
        "@pellux/goodvibes-contracts": "workspace:*",
        "@pellux/goodvibes-transport-core": "workspace:*",
        "@pellux/goodvibes-transport-http": "workspace:*",
      },
    },
  },
  "packages": {
    "@pellux/goodvibes-contracts": ["@pellux/goodvibes-contracts@workspace:packages/contracts"],

    "@pellux/goodvibes-daemon-sdk": ["@pellux/goodvibes-daemon-sdk@workspace:packages/daemon-sdk"],

    "@pellux/goodvibes-errors": ["@pellux/goodvibes-errors@workspace:packages/errors"],

    "@pellux/goodvibes-operator-sdk": ["@pellux/goodvibes-operator-sdk@workspace:packages/operator-sdk"],

    "@pellux/goodvibes-peer-sdk": ["@pellux/goodvibes-peer-sdk@workspace:packages/peer-sdk"],

    "@pellux/goodvibes-sdk": ["@pellux/goodvibes-sdk@workspace:packages/sdk"],

    "@pellux/goodvibes-transport-core": ["@pellux/goodvibes-transport-core@workspace:packages/transport-core"],

    "@pellux/goodvibes-transport-direct": ["@pellux/goodvibes-transport-direct@workspace:packages/transport-direct"],

    "@pellux/goodvibes-transport-http": ["@pellux/goodvibes-transport-http@workspace:packages/transport-http"],

    "@pellux/goodvibes-transport-realtime": ["@pellux/goodvibes-transport-realtime@workspace:packages/transport-realtime"],

    "@types/node": ["@types/node@24.12.2", "", { "dependencies": { "undici-types": "~7.16.0" } }, "sha512-A1sre26ke7HDIuY/M23nd9gfB+nrmhtYyMINbjI1zHJxYteKR6qSMX56FsmjMcDb3SMcjJg5BiRRgOCC/yBD0g=="],

    "typescript": ["typescript@5.9.3", "", { "bin": { "tsc": "bin/tsc", "tsserver": "bin/tsserver" } }, "sha512-jl1vZzPDinLr9eUt3J/t7V6FgNEw9QjvBPdysz9KfQDD41fQrC2Y4vKQdiaUpFT4bXlb1RHhLpp8wtm6M5TgSw=="],

    "undici-types": ["undici-types@7.16.0", "", {}, "sha512-Zz+aZWSj8LE6zoxD+xrjh4VfkIG8Ya6LvYkZqtUQGJPZjYl53ypCaUwWqo7eI0x66KBGeRo+mlBEkMSeSZ38Nw=="],
  }
}
